
Microsoft Visual Studio Solution File, Format Version 12.00
# Visual Studio Version 16
VisualStudioVersion = 16.0.31515.178
MinimumVisualStudioVersion = 10.0.40219.1
Project("{FAE04EC0-301F-11D3-BF4B-00C04F79EFBC}") = "TeamsApp-WebCulture", "TeamsApp-WebCulture\TeamsApp-WebCulture.csproj", "{0D74E74E-6D60-46D4-B96A-14ECB2F8C09A}"
EndProject
Global
	GlobalSection(SolutionConfigurationPlatforms) = preSolution
		Debug|Any CPU = Debug|Any CPU
		Release|Any CPU = Release|Any CPU
	EndGlobalSection
	GlobalSection(ProjectConfigurationPlatforms) = postSolution
		{0D74E74E-6D60-46D4-B96A-14ECB2F8C09A}.Debug|Any CPU.ActiveCfg = Debug|Any CPU
		{0D74E74E-6D60-46D4-B96A-14ECB2F8C09A}.Debug|Any CPU.Build.0 = Debug|Any CPU
		{0D74E74E-6D60-46D4-B96A-14ECB2F8C09A}.Release|Any CPU.ActiveCfg = Release|Any CPU
		{0D74E74E-6D60-46D4-B96A-14ECB2F8C09A}.Release|Any CPU.Build.0 = Release|Any CPU
	EndGlobalSection
	GlobalSection(SolutionProperties) = preSolution
		HideSolutionNode = FALSE
	EndGlobalSection
	GlobalSection(ExtensibilityGlobals) = postSolution
		SolutionGuid = {3628DF30-8814-421E-BCE8-FEAD88AF441F}
	EndGlobalSection
EndGlobal
